// !$*UTF8*$!
{
	archiveVersion = 1;
	classes = {
	};
	objectVersion = 51;
	objects = {

/* Begin PBXBuildFile section */
		00302F0D251546CF002051AC /* AppDelegate.swift in Sources */ = {isa = PBXBuildFile; fileRef = 00302F0C251546CF002051AC /* AppDelegate.swift */; };
		00302F0F251546CF002051AC /* SceneDelegate.swift in Sources */ = {isa = PBXBuildFile; fileRef = 00302F0E251546CF002051AC /* SceneDelegate.swift */; };
		00302F11251546CF002051AC /* ViewController.swift in Sources */ = {isa = PBXBuildFile; fileRef = 00302F10251546CF002051AC /* ViewController.swift */; };
		00302F14251546CF002051AC /* Main.storyboard in Resources */ = {isa = PBXBuildFile; fileRef = 00302F12251546CF002051AC /* Main.storyboard */; };
		00302F16251546D1002051AC /* Assets.xcassets in Resources */ = {isa = PBXBuildFile; fileRef = 00302F15251546D1002051AC /* Assets.xcassets */; };
		00302F19251546D1002051AC /* LaunchScreen.storyboard in Resources */ = {isa = PBXBuildFile; fileRef = 00302F17251546D1002051AC /* LaunchScreen.storyboard */; };
		00302F2C25154E8E002051AC /* MovieModel.swift in Sources */ = {isa = PBXBuildFile; fileRef = 00302F2B25154E8E002051AC /* MovieModel.swift */; };
		DED33E7232D0F2B2F0DCF318 /* Pods_MoovieCard.framework in Frameworks */ = {isa = PBXBuildFile; fileRef = 70BC45A22800FA78FB6D7FB0 /* Pods_MoovieCard.framework */; };
/* End PBXBuildFile section */

/* Begin PBXFileReference section */
		00302F09251546CF002051AC /* MoovieCard.app */ = {isa = PBXFileReference; explicitFileType = wrapper.application; includeInIndex = 0; path = MoovieCard.app; sourceTree = BUILT_PRODUCTS_DIR; };
		00302F0C251546CF002051AC /* AppDelegate.swift */ = {isa = PBXFileReference; lastKnownFileType = sourcecode.swift; path = AppDelegate.swift; sourceTree = "<group>"; };
		00302F0E251546CF002051AC /* SceneDelegate.swift */ = {isa = PBXFileReference; lastKnownFileType = sourcecode.swift; path = SceneDelegate.swift; sourceTree = "<group>"; };
		00302F10251546CF002051AC /* ViewController.swift */ = {isa = PBXFileReference; lastKnownFileType = sourcecode.swift; path = ViewController.swift; sourceTree = "<group>"; };
		00302F13251546CF002051AC /* Base */ = {isa = PBXFileReference; lastKnownFileType = file.storyboard; name = Base; path = Base.lproj/Main.storyboard; sourceTree = "<group>"; };
		00302F15251546D1002051AC /* Assets.xcassets */ = {isa = PBXFileReference; lastKnownFileType = folder.assetcatalog; path = Assets.xcassets; sourceTree = "<group>"; };
		00302F18251546D1002051AC /* Base */ = {isa = PBXFileReference; lastKnownFileType = file.storyboard; name = Base; path = Base.lproj/LaunchScreen.storyboard; sourceTree = "<group>"; };
		00302F1A251546D1002051AC /* Info.plist */ = {isa = PBXFileReference; lastKnownFileType = text.plist.xml; path = Info.plist; sourceTree = "<group>"; };
		00302F2B25154E8E002051AC /* MovieModel.swift */ = {isa = PBXFileReference; lastKnownFileType = sourcecode.swift; path = MovieModel.swift; sourceTree = "<group>"; };
		3D20BDC8AD64D82946C58BAC /* Pods-MoovieCard.debug.xcconfig */ = {isa = PBXFileReference; includeInIndex = 1; lastKnownFileType = text.xcconfig; name = "Pods-MoovieCard.debug.xcconfig"; path = "Target Support Files/Pods-MoovieCard/Pods-MoovieCard.debug.xcconfig"; sourceTree = "<group>"; };
		4B6DBBF633C5B5224BEFB39C /* Pods-MoovieCard.release.xcconfig */ = {isa = PBXFileReference; includeInIndex = 1; lastKnownFileType = text.xcconfig; name = "Pods-MoovieCard.release.xcconfig"; path = "Target Support Files/Pods-MoovieCard/Pods-MoovieCard.release.xcconfig"; sourceTree = "<group>"; };
		70BC45A22800FA78FB6D7FB0 /* Pods_MoovieCard.framework */ = {isa = PBXFileReference; explicitFileType = wrapper.framework; includeInIndex = 0; path = Pods_MoovieCard.framework; sourceTree = BUILT_PRODUCTS_DIR; };
/* End PBXFileReference section */

/* Begin PBXFrameworksBuildPhase section */
		00302F06251546CF002051AC /* Frameworks */ = {
			isa = PBXFrameworksBuildPhase;
			buildActionMask = 2147483647;
			files = (
				DED33E7232D0F2B2F0DCF318 /* Pods_MoovieCard.framework in Frameworks */,
			);
			runOnlyForDeploymentPostprocessing = 0;
		};
/* End PBXFrameworksBuildPhase section */

/* Begin PBXGroup section */
		00302F00251546CF002051AC = {
			isa = PBXGroup;
			children = (
				00302F0B251546CF002051AC /* MoovieCard */,
				00302F0A251546CF002051AC /* Products */,
				F74462C6423236B47192D0B0 /* Pods */,
				28A3BD1ADB2C3B3EACEC5D9C /* Frameworks */,
			);
			sourceTree = "<group>";
		};
		00302F0A251546CF002051AC /* Products */ = {
			isa = PBXGroup;
			children = (
				00302F09251546CF002051AC /* MoovieCard.app */,
			);
			name = Products;
			sourceTree = "<group>";
		};
		00302F0B251546CF002051AC /* MoovieCard */ = {
			isa = PBXGroup;
			children = (
				00302F2E25154EB1002051AC /* MovieModel */,
				00302F2F25154EF7002051AC /* View */,
				00302F2D25154EA7002051AC /* Controller */,
				00302F23251547B0002051AC /* Resourses */,
				00302F1A251546D1002051AC /* Info.plist */,
			);
			path = MoovieCard;
			sourceTree = "<group>";
		};
		00302F23251547B0002051AC /* Resourses */ = {
			isa = PBXGroup;
			children = (
				00302F0C251546CF002051AC /* AppDelegate.swift */,
				00302F0E251546CF002051AC /* SceneDelegate.swift */,
				00302F15251546D1002051AC /* Assets.xcassets */,
			);
			path = Resourses;
			sourceTree = "<group>";
		};
		00302F2D25154EA7002051AC /* Controller */ = {
			isa = PBXGroup;
			children = (
				00302F10251546CF002051AC /* ViewController.swift */,
			);
			path = Controller;
			sourceTree = "<group>";
		};
		00302F2E25154EB1002051AC /* MovieModel */ = {
			isa = PBXGroup;
			children = (
				00302F2B25154E8E002051AC /* MovieModel.swift */,
			);
			path = MovieModel;
			sourceTree = "<group>";
		};
		00302F2F25154EF7002051AC /* View */ = {
			isa = PBXGroup;
			children = (
				00302F12251546CF002051AC /* Main.storyboard */,
				00302F17251546D1002051AC /* LaunchScreen.storyboard */,
			);
			path = View;
			sourceTree = "<group>";
		};
		28A3BD1ADB2C3B3EACEC5D9C /* Frameworks */ = {
			isa = PBXGroup;
			children = (
				70BC45A22800FA78FB6D7FB0 /* Pods_MoovieCard.framework */,
			);
			name = Frameworks;
			sourceTree = "<group>";
		};
		F74462C6423236B47192D0B0 /* Pods */ = {
			isa = PBXGroup;
			children = (
				3D20BDC8AD64D82946C58BAC /* Pods-MoovieCard.debug.xcconfig */,
				4B6DBBF633C5B5224BEFB39C /* Pods-MoovieCard.release.xcconfig */,
			);
			path = Pods;
			sourceTree = "<group>";
		};
/* End PBXGroup section */

/* Begin PBXNativeTarget section */
		00302F08251546CF002051AC /* MoovieCard */ = {
			isa = PBXNativeTarget;
			buildConfigurationList = 00302F1D251546D1002051AC /* Build configuration list for PBXNativeTarget "MoovieCard" */;
			buildPhases = (
				698953B1769BC3ED83340B19 /* [CP] Check Pods Manifest.lock */,
				00302F05251546CF002051AC /* Sources */,
				00302F06251546CF002051AC /* Frameworks */,
				00302F07251546CF002051AC /* Resources */,
				A64D9AC97BA9FBE8AE536E97 /* [CP] Embed Pods Frameworks */,
			);
			buildRules = (
			);
			dependencies = (
			);
			name = MoovieCard;
			productName = MoovieCard;
			productReference = 00302F09251546CF002051AC /* MoovieCard.app */;
			productType = "com.apple.product-type.application";
		};
/* End PBXNativeTarget section */

/* Begin PBXProject section */
		00302F01251546CF002051AC /* Project object */ = {
			isa = PBXProject;
			attributes = {
				LastSwiftUpdateCheck = 1170;
				LastUpgradeCheck = 1170;
				ORGANIZATIONNAME = a;
				TargetAttributes = {
					00302F08251546CF002051AC = {
						CreatedOnToolsVersion = 11.7;
					};
				};
			};
			buildConfigurationList = 00302F04251546CF002051AC /* Build configuration list for PBXProject "MoovieCard" */;
			compatibilityVersion = "Xcode 9.3";
			developmentRegion = en;
			hasScannedForEncodings = 0;
			knownRegions = (
				en,
				Base,
			);
			mainGroup = 00302F00251546CF002051AC;
			productRefGroup = 00302F0A251546CF002051AC /* Products */;
			projectDirPath = "";
			projectRoot = "";
			targets = (
				00302F08251546CF002051AC /* MoovieCard */,
			);
		};
/* End PBXProject section */

/* Begin PBXResourcesBuildPhase section */
		00302F07251546CF002051AC /* Resources */ = {
			isa = PBXResourcesBuildPhase;
			buildActionMask = 2147483647;
			files = (
				00302F19251546D1002051AC /* LaunchScreen.storyboard in Resources */,
				00302F16251546D1002051AC /* Assets.xcassets in Resources */,
				00302F14251546CF002051AC /* Main.storyboard in Resources */,
			);
			runOnlyForDeploymentPostprocessing = 0;
		};
/* End PBXResourcesBuildPhase section */

/* Begin PBXShellScriptBuildPhase section */
		698953B1769BC3ED83340B19 /* [CP] Check Pods Manifest.lock */ = {
			isa = PBXShellScriptBuildPhase;
			buildActionMask = 2147483647;
			files = (
			);
			inputFileListPaths = (
			);
			inputPaths = (
				"${PODS_PODFILE_DIR_PATH}/Podfile.lock",
				"${PODS_ROOT}/Manifest.lock",
			);
			name = "[CP] Check Pods Manifest.lock";
			outputFileListPaths = (
			);
			outputPaths = (
				"$(DERIVED_FILE_DIR)/Pods-MoovieCard-checkManifestLockResult.txt",
			);
			runOnlyForDeploymentPostprocessing = 0;
			shellPath = /bin/sh;
			shellScript = "diff \"${PODS_PODFILE_DIR_PATH}/Podfile.lock\" \"${PODS_ROOT}/Manifest.lock\" > /dev/null\nif [ $? != 0 ] ; then\n    # print error to STDERR\n    echo \"error: The sandbox is not in sync with the Podfile.lock. Run 'pod install' or update your CocoaPods installation.\" >&2\n    exit 1\nfi\n# This output is used by Xcode 'outputs' to avoid re-running this script phase.\necho \"SUCCESS\" > \"${SCRIPT_OUTPUT_FILE_0}\"\n";
			showEnvVarsInLog = 0;
		};
		A64D9AC97BA9FBE8AE536E97 /* [CP] Embed Pods Frameworks */ = {
			isa = PBXShellScriptBuildPhase;
			buildActionMask = 2147483647;
			files = (
			);
			inputFileListPaths = (
				"${PODS_ROOT}/Target Support Files/Pods-MoovieCard/Pods-MoovieCard-frameworks-${CONFIGURATION}-input-files.xcfilelist",
			);
			name = "[CP] Embed Pods Frameworks";
			outputFileListPaths = (
				"${PODS_ROOT}/Target Support Files/Pods-MoovieCard/Pods-MoovieCard-frameworks-${CONFIGURATION}-output-files.xcfilelist",
			);
			runOnlyForDeploymentPostprocessing = 0;
			shellPath = /bin/sh;
			shellScript = "\"${PODS_ROOT}/Target Support Files/Pods-MoovieCard/Pods-MoovieCard-frameworks.sh\"\n";
			showEnvVarsInLog = 0;
		};
/* End PBXShellScriptBuildPhase section */

/* Begin PBXSourcesBuildPhase section */
		00302F05251546CF002051AC /* Sources */ = {
			isa = PBXSourcesBuildPhase;
			buildActionMask = 2147483647;
			files = (
				00302F2C25154E8E002051AC /* MovieModel.swift in Sources */,
				00302F11251546CF002051AC /* ViewController.swift in Sources */,
				00302F0D251546CF002051AC /* AppDelegate.swift in Sources */,
				00302F0F251546CF002051AC /* SceneDelegate.swift in Sources */,
			);
			runOnlyForDeploymentPostprocessing = 0;
		};
/* End PBXSourcesBuildPhase section */

/* Begin PBXVariantGroup section */
		00302F12251546CF002051AC /* Main.storyboard */ = {
			isa = PBXVariantGroup;
			children = (
				00302F13251546CF002051AC /* Base */,
			);
			name = Main.storyboard;
			sourceTree = "<group>";
		};
		00302F17251546D1002051AC /* LaunchScreen.storyboard */ = {
			isa = PBXVariantGroup;
			children = (
				00302F18251546D1002051AC /* Base */,
			);
			name = LaunchScreen.storyboard;
			sourceTree = "<group>";
		};
/* End PBXVariantGroup section */

/* Begin XCBuildConfiguration section */
		00302F1B251546D1002051AC /* Debug */ = {
			isa = XCBuildConfiguration;
			buildSettings = {
				ALWAYS_SEARCH_USER_PATHS = NO;
				CLANG_ANALYZER_NONNULL = YES;
				CLANG_ANALYZER_NUMBER_OBJECT_CONVERSION = YES_AGGRESSIVE;
				CLANG_CXX_LANGUAGE_STANDARD = "gnu++14";
				CLANG_CXX_LIBRARY = "libc++";
				CLANG_ENABLE_MODULES = YES;
				CLANG_ENABLE_OBJC_ARC = YES;
				CLANG_ENABLE_OBJC_WEAK = YES;
				CLANG_WARN_BLOCK_CAPTURE_AUTORELEASING = YES;
				CLANG_WARN_BOOL_CONVERSION = YES;
				CLANG_WARN_COMMA = YES;
				CLANG_WARN_CONSTANT_CONVERSION = YES;
				CLANG_WARN_DEPRECATED_OBJC_IMPLEMENTATIONS = YES;
				CLANG_WARN_DIRECT_OBJC_ISA_USAGE = YES_ERROR;
				CLANG_WARN_DOCUMENTATION_COMMENTS = YES;
				CLANG_WARN_EMPTY_BODY = YES;
				CLANG_WARN_ENUM_CONVERSION = YES;
				CLANG_WARN_INFINITE_RECURSION = YES;
				CLANG_WARN_INT_CONVERSION = YES;
				CLANG_WARN_NON_LITERAL_NULL_CONVERSION = YES;
				CLANG_WARN_OBJC_IMPLICIT_RETAIN_SELF = YES;
				CLANG_WARN_OBJC_LITERAL_CONVERSION = YES;
				CLANG_WARN_OBJC_ROOT_CLASS = YES_ERROR;
				CLANG_WARN_RANGE_LOOP_ANALYSIS = YES;
				CLANG_WARN_STRICT_PROTOTYPES = YES;
				CLANG_WARN_SUSPICIOUS_MOVE = YES;
				CLANG_WARN_UNGUARDED_AVAILABILITY = YES_AGGRESSIVE;
				CLANG_WARN_UNREACHABLE_CODE = YES;
				CLANG_WARN__DUPLICATE_METHOD_MATCH = YES;
				COPY_PHASE_STRIP = NO;
				DEBUG_INFORMATION_FORMAT = dwarf;
				ENABLE_STRICT_OBJC_MSGSEND = YES;
				ENABLE_TESTABILITY = YES;
				GCC_C_LANGUAGE_STANDARD = gnu11;
				GCC_DYNAMIC_NO_PIC = NO;
				GCC_NO_COMMON_BLOCKS = YES;
				GCC_OPTIMIZATION_LEVEL = 0;
				GCC_PREPROCESSOR_DEFINITIONS = (
					"DEBUG=1",
					"$(inherited)",
				);
				GCC_WARN_64_TO_32_BIT_CONVERSION = YES;
				GCC_WARN_ABOUT_RETURN_TYPE = YES_ERROR;
				GCC_WARN_UNDECLARED_SELECTOR = YES;
				GCC_WARN_UNINITIALIZED_AUTOS = YES_AGGRESSIVE;
				GCC_WARN_UNUSED_FUNCTION = YES;
				GCC_WARN_UNUSED_VARIABLE = YES;
				IPHONEOS_DEPLOYMENT_TARGET = 13.7;
				MTL_ENABLE_DEBUG_INFO = INCLUDE_SOURCE;
				MTL_FAST_MATH = YES;
				ONLY_ACTIVE_ARCH = YES;
				SDKROOT = iphoneos;
				SWIFT_ACTIVE_COMPILATION_CONDITIONS = DEBUG;
				SWIFT_OPTIMIZATION_LEVEL = "-Onone";
			};
			name = Debug;
		};
		00302F1C251546D1002051AC /* Release */ = {
			isa = XCBuildConfiguration;
			buildSettings = {
				ALWAYS_SEARCH_USER_PATHS = NO;
				CLANG_ANALYZER_NONNULL = YES;
				CLANG_ANALYZER_NUMBER_OBJECT_CONVERSION = YES_AGGRESSIVE;
				CLANG_CXX_LANGUAGE_STANDARD = "gnu++14";
				CLANG_CXX_LIBRARY = "libc++";
				CLANG_ENABLE_MODULES = YES;
				CLANG_ENABLE_OBJC_ARC = YES;
				CLANG_ENABLE_OBJC_WEAK = YES;
				CLANG_WARN_BLOCK_CAPTURE_AUTORELEASING = YES;
				CLANG_WARN_BOOL_CONVERSION = YES;
				CLANG_WARN_COMMA = YES;
				CLANG_WARN_CONSTANT_CONVERSION = YES;
				CLANG_WARN_DEPRECATED_OBJC_IMPLEMENTATIONS = YES;
				CLANG_WARN_DIRECT_OBJC_ISA_USAGE = YES_ERROR;
				CLANG_WARN_DOCUMENTATION_COMMENTS = YES;
				CLANG_WARN_EMPTY_BODY = YES;
				CLANG_WARN_ENUM_CONVERSION = YES;
				CLANG_WARN_INFINITE_RECURSION = YES;
				CLANG_WARN_INT_CONVERSION = YES;
				CLANG_WARN_NON_LITERAL_NULL_CONVERSION = YES;
				CLANG_WARN_OBJC_IMPLICIT_RETAIN_SELF = YES;
				CLANG_WARN_OBJC_LITERAL_CONVERSION = YES;
				CLANG_WARN_OBJC_ROOT_CLASS = YES_ERROR;
				CLANG_WARN_RANGE_LOOP_ANALYSIS = YES;
				CLANG_WARN_STRICT_PROTOTYPES = YES;
				CLANG_WARN_SUSPICIOUS_MOVE = YES;
				CLANG_WARN_UNGUARDED_AVAILABILITY = YES_AGGRESSIVE;
				CLANG_WARN_UNREACHABLE_CODE = YES;
				CLANG_WARN__DUPLICATE_METHOD_MATCH = YES;
				COPY_PHASE_STRIP = NO;
				DEBUG_INFORMATION_FORMAT = "dwarf-with-dsym";
				ENABLE_NS_ASSERTIONS = NO;
				ENABLE_STRICT_OBJC_MSGSEND = YES;
				GCC_C_LANGUAGE_STANDARD = gnu11;
				GCC_NO_COMMON_BLOCKS = YES;
				GCC_WARN_64_TO_32_BIT_CONVERSION = YES;
				GCC_WARN_ABOUT_RETURN_TYPE = YES_ERROR;
				GCC_WARN_UNDECLARED_SELECTOR = YES;
				GCC_WARN_UNINITIALIZED_AUTOS = YES_AGGRESSIVE;
				GCC_WARN_UNUSED_FUNCTION = YES;
				GCC_WARN_UNUSED_VARIABLE = YES;
				IPHONEOS_DEPLOYMENT_TARGET = 13.7;
				MTL_ENABLE_DEBUG_INFO = NO;
				MTL_FAST_MATH = YES;
				SDKROOT = iphoneos;
				SWIFT_COMPILATION_MODE = wholemodule;
				SWIFT_OPTIMIZATION_LEVEL = "-O";
				VALIDATE_PRODUCT = YES;
			};
			name = Release;
		};
		00302F1E251546D1002051AC /* Debug */ = {
			isa = XCBuildConfiguration;
			baseConfigurationReference = 3D20BDC8AD64D82946C58BAC /* Pods-MoovieCard.debug.xcconfig */;
			buildSettings = {
				ASSETCATALOG_COMPILER_APPICON_NAME = AppIcon;
				CODE_SIGN_STYLE = Automatic;
				DEVELOPMENT_TEAM = VNT5M63549;
				INFOPLIST_FILE = MoovieCard/Info.plist;
				LD_RUNPATH_SEARCH_PATHS = (
					"$(inherited)",
					"@executable_path/Frameworks",
				);
				PRODUCT_BUNDLE_IDENTIFIER = nauan.MoovieCard;
				PRODUCT_NAME = "$(TARGET_NAME)";
				SWIFT_VERSION = 5.0;
				TARGETED_DEVICE_FAMILY = "1,2";
			};
			name = Debug;
		};
		00302F1F251546D1002051AC /* Release */ = {
			isa = XCBuildConfiguration;
			baseConfigurationReference = 4B6DBBF633C5B5224BEFB39C /* Pods-MoovieCard.release.xcconfig */;
			buildSettings = {
				ASSETCATALOG_COMPILER_APPICON_NAME = AppIcon;
				CODE_SIGN_STYLE = Automatic;
				DEVELOPMENT_TEAM = VNT5M63549;
				INFOPLIST_FILE = MoovieCard/Info.plist;
				LD_RUNPATH_SEARCH_PATHS = (
					"$(inherited)",
					"@executable_path/Frameworks",
				);
				PRODUCT_BUNDLE_IDENTIFIER = nauan.MoovieCard;
				PRODUCT_NAME = "$(TARGET_NAME)";
				SWIFT_VERSION = 5.0;
				TARGETED_DEVICE_FAMILY = "1,2";
			};
			name = Release;
		};
/* End XCBuildConfiguration section */

/* Begin XCConfigurationList section */
		00302F04251546CF002051AC /* Build configuration list for PBXProject "MoovieCard" */ = {
			isa = XCConfigurationList;
			buildConfigurations = (
				00302F1B251546D1002051AC /* Debug */,
				00302F1C251546D1002051AC /* Release */,
			);
			defaultConfigurationIsVisible = 0;
			defaultConfigurationName = Release;
		};
		00302F1D251546D1002051AC /* Build configuration list for PBXNativeTarget "MoovieCard" */ = {
			isa = XCConfigurationList;
			buildConfigurations = (
				00302F1E251546D1002051AC /* Debug */,
				00302F1F251546D1002051AC /* Release */,
			);
			defaultConfigurationIsVisible = 0;
			defaultConfigurationName = Release;
		};
/* End XCConfigurationList section */
	};
	rootObject = 00302F01251546CF002051AC /* Project object */;
}
